// !$*UTF8*$!
{
	archiveVersion = 1;
	classes = {
	};
	objectVersion = 51;
	objects = {

/* Begin PBXBuildFile section */
		9A1D67CAE0269477F290779F /* Pods_Lifie.framework in Frameworks */ = {isa = PBXBuildFile; fileRef = B32A1143E1C79A1286C67C4D /* Pods_Lifie.framework */; };
		A41E2545255A3D38008A9B05 /* PostCommentsTableViewCell.swift in Sources */ = {isa = PBXBuildFile; fileRef = A41E2544255A3D38008A9B05 /* PostCommentsTableViewCell.swift */; };
		A42F7DEB2538FB5C00F74F43 /* AppDelegate.swift in Sources */ = {isa = PBXBuildFile; fileRef = A42F7DEA2538FB5C00F74F43 /* AppDelegate.swift */; };
		A42F7DED2538FB5C00F74F43 /* SceneDelegate.swift in Sources */ = {isa = PBXBuildFile; fileRef = A42F7DEC2538FB5C00F74F43 /* SceneDelegate.swift */; };
		A42F7DEF2538FB5C00F74F43 /* HomeViewController.swift in Sources */ = {isa = PBXBuildFile; fileRef = A42F7DEE2538FB5C00F74F43 /* HomeViewController.swift */; };
		A42F7DF22538FB5C00F74F43 /* Main.storyboard in Resources */ = {isa = PBXBuildFile; fileRef = A42F7DF02538FB5C00F74F43 /* Main.storyboard */; };
		A42F7DF52538FB5C00F74F43 /* Lifie.xcdatamodeld in Sources */ = {isa = PBXBuildFile; fileRef = A42F7DF32538FB5C00F74F43 /* Lifie.xcdatamodeld */; };
		A42F7DF72538FB5D00F74F43 /* Assets.xcassets in Resources */ = {isa = PBXBuildFile; fileRef = A42F7DF62538FB5D00F74F43 /* Assets.xcassets */; };
		A42F7DFA2538FB5D00F74F43 /* LaunchScreen.storyboard in Resources */ = {isa = PBXBuildFile; fileRef = A42F7DF82538FB5D00F74F43 /* LaunchScreen.storyboard */; };
		A42F7E092538FFF500F74F43 /* ExploreViewController.swift in Sources */ = {isa = PBXBuildFile; fileRef = A42F7E082538FFF500F74F43 /* ExploreViewController.swift */; };
		A42F7E0B2539002100F74F43 /* CameraViewController.swift in Sources */ = {isa = PBXBuildFile; fileRef = A42F7E0A2539002100F74F43 /* CameraViewController.swift */; };
		A42F7E0D2539003500F74F43 /* NotificationViewController.swift in Sources */ = {isa = PBXBuildFile; fileRef = A42F7E0C2539003500F74F43 /* NotificationViewController.swift */; };
		A42F7E0F2539004000F74F43 /* ProfileViewController.swift in Sources */ = {isa = PBXBuildFile; fileRef = A42F7E0E2539004000F74F43 /* ProfileViewController.swift */; };
		A42F7E132539035B00F74F43 /* PostViewController.swift in Sources */ = {isa = PBXBuildFile; fileRef = A42F7E122539035B00F74F43 /* PostViewController.swift */; };
		A42F7E152539036B00F74F43 /* SettingViewController.swift in Sources */ = {isa = PBXBuildFile; fileRef = A42F7E142539036B00F74F43 /* SettingViewController.swift */; };
		A42F7E172539038A00F74F43 /* SearchViewController.swift in Sources */ = {isa = PBXBuildFile; fileRef = A42F7E162539038A00F74F43 /* SearchViewController.swift */; };
		A42F7E192539039700F74F43 /* SearchResultViewController.swift in Sources */ = {isa = PBXBuildFile; fileRef = A42F7E182539039700F74F43 /* SearchResultViewController.swift */; };
		A42F7E1B253903A400F74F43 /* ListViewController.swift in Sources */ = {isa = PBXBuildFile; fileRef = A42F7E1A253903A400F74F43 /* ListViewController.swift */; };
		A42F7E1D253903D500F74F43 /* PostEditViewController.swift in Sources */ = {isa = PBXBuildFile; fileRef = A42F7E1C253903D500F74F43 /* PostEditViewController.swift */; };
		A42F7E1F253903DD00F74F43 /* PostPublishViewController.swift in Sources */ = {isa = PBXBuildFile; fileRef = A42F7E1E253903DD00F74F43 /* PostPublishViewController.swift */; };
		A4653AB72546649B000F2D23 /* LoginViewController.swift in Sources */ = {isa = PBXBuildFile; fileRef = A4653AB62546649B000F2D23 /* LoginViewController.swift */; };
		A4653AB9254664A8000F2D23 /* RegisterViewController.swift in Sources */ = {isa = PBXBuildFile; fileRef = A4653AB8254664A8000F2D23 /* RegisterViewController.swift */; };
		A4653ABB25473535000F2D23 /* AuthenticationManager.swift in Sources */ = {isa = PBXBuildFile; fileRef = A4653ABA25473535000F2D23 /* AuthenticationManager.swift */; };
		A4653AC025486B76000F2D23 /* PostTableViewCell.swift in Sources */ = {isa = PBXBuildFile; fileRef = A4653ABF25486B76000F2D23 /* PostTableViewCell.swift */; };
		A4653AC42548CB68000F2D23 /* iCarousel.m in Sources */ = {isa = PBXBuildFile; fileRef = A4653AC22548CB68000F2D23 /* iCarousel.m */; };
		A4653AC82548F8BF000F2D23 /* PostHeaderTableViewCell.swift in Sources */ = {isa = PBXBuildFile; fileRef = A4653AC72548F8BF000F2D23 /* PostHeaderTableViewCell.swift */; };
		A4653ACA2548F8E3000F2D23 /* PostActionsTableViewCell.swift in Sources */ = {isa = PBXBuildFile; fileRef = A4653AC92548F8E3000F2D23 /* PostActionsTableViewCell.swift */; };
		A4653ACC2548FC92000F2D23 /* EditProfileViewController.swift in Sources */ = {isa = PBXBuildFile; fileRef = A4653ACB2548FC92000F2D23 /* EditProfileViewController.swift */; };
		A4653ACE254906A1000F2D23 /* PhotoCollectionViewCell.swift in Sources */ = {isa = PBXBuildFile; fileRef = A4653ACD254906A1000F2D23 /* PhotoCollectionViewCell.swift */; };
		A4653AD125490728000F2D23 /* ProfileInfoHeaderCollectionReusableView.swift in Sources */ = {isa = PBXBuildFile; fileRef = A4653AD025490728000F2D23 /* ProfileInfoHeaderCollectionReusableView.swift */; };
		A4653AD325490757000F2D23 /* ProfileTabCollectionReusableView.swift in Sources */ = {isa = PBXBuildFile; fileRef = A4653AD225490757000F2D23 /* ProfileTabCollectionReusableView.swift */; };
		A47FEF5F253E6DE500063700 /* GoogleService-Info.plist in Resources */ = {isa = PBXBuildFile; fileRef = A47FEF5E253E6DE500063700 /* GoogleService-Info.plist */; };
		A47FEF63253E70AD00063700 /* DatabaseManager.swift in Sources */ = {isa = PBXBuildFile; fileRef = A47FEF62253E70AD00063700 /* DatabaseManager.swift */; };
		A47FEF65253E717800063700 /* StorageManager.swift in Sources */ = {isa = PBXBuildFile; fileRef = A47FEF64253E717800063700 /* StorageManager.swift */; };
		A47FEF67253E744400063700 /* Extensions.swift in Sources */ = {isa = PBXBuildFile; fileRef = A47FEF66253E744400063700 /* Extensions.swift */; };
		A4ECB8A22550DC72002610C2 /* Models.swift in Sources */ = {isa = PBXBuildFile; fileRef = A4ECB8A12550DC72002610C2 /* Models.swift */; };
		A4ECB8BA2558DC86002610C2 /* UserFollowTableViewCell.swift in Sources */ = {isa = PBXBuildFile; fileRef = A4ECB8B92558DC86002610C2 /* UserFollowTableViewCell.swift */; };
		A4ECB8BE2558E7C3002610C2 /* EmptyNotificationView.swift in Sources */ = {isa = PBXBuildFile; fileRef = A4ECB8BD2558E7C3002610C2 /* EmptyNotificationView.swift */; };
		A4ECB8C22558EAB5002610C2 /* NotificationFollowEventTableViewCell.swift in Sources */ = {isa = PBXBuildFile; fileRef = A4ECB8C12558EAB5002610C2 /* NotificationFollowEventTableViewCell.swift */; };
		A4ECB8C52558EAC9002610C2 /* NotificationLikeEventTableViewCell.swift in Sources */ = {isa = PBXBuildFile; fileRef = A4ECB8C42558EAC9002610C2 /* NotificationLikeEventTableViewCell.swift */; };
/* End PBXBuildFile section */

/* Begin PBXFileReference section */
		1376DFC4113990C3C232E926 /* Pods-Lifie.debug.xcconfig */ = {isa = PBXFileReference; includeInIndex = 1; lastKnownFileType = text.xcconfig; name = "Pods-Lifie.debug.xcconfig"; path = "Target Support Files/Pods-Lifie/Pods-Lifie.debug.xcconfig"; sourceTree = "<group>"; };
		30A800D8B6772905DFB6D8F5 /* Pods-Lifie.release.xcconfig */ = {isa = PBXFileReference; includeInIndex = 1; lastKnownFileType = text.xcconfig; name = "Pods-Lifie.release.xcconfig"; path = "Target Support Files/Pods-Lifie/Pods-Lifie.release.xcconfig"; sourceTree = "<group>"; };
		A41E2544255A3D38008A9B05 /* PostCommentsTableViewCell.swift */ = {isa = PBXFileReference; lastKnownFileType = sourcecode.swift; path = PostCommentsTableViewCell.swift; sourceTree = "<group>"; };
		A42F7DE72538FB5C00F74F43 /* Lifie.app */ = {isa = PBXFileReference; explicitFileType = wrapper.application; includeInIndex = 0; path = Lifie.app; sourceTree = BUILT_PRODUCTS_DIR; };
		A42F7DEA2538FB5C00F74F43 /* AppDelegate.swift */ = {isa = PBXFileReference; lastKnownFileType = sourcecode.swift; path = AppDelegate.swift; sourceTree = "<group>"; };
		A42F7DEC2538FB5C00F74F43 /* SceneDelegate.swift */ = {isa = PBXFileReference; lastKnownFileType = sourcecode.swift; path = SceneDelegate.swift; sourceTree = "<group>"; };
		A42F7DEE2538FB5C00F74F43 /* HomeViewController.swift */ = {isa = PBXFileReference; lastKnownFileType = sourcecode.swift; path = HomeViewController.swift; sourceTree = "<group>"; };
		A42F7DF12538FB5C00F74F43 /* Base */ = {isa = PBXFileReference; lastKnownFileType = file.storyboard; name = Base; path = Base.lproj/Main.storyboard; sourceTree = "<group>"; };
		A42F7DF42538FB5C00F74F43 /* Lifie.xcdatamodel */ = {isa = PBXFileReference; lastKnownFileType = wrapper.xcdatamodel; path = Lifie.xcdatamodel; sourceTree = "<group>"; };
		A42F7DF62538FB5D00F74F43 /* Assets.xcassets */ = {isa = PBXFileReference; lastKnownFileType = folder.assetcatalog; path = Assets.xcassets; sourceTree = "<group>"; };
		A42F7DF92538FB5D00F74F43 /* Base */ = {isa = PBXFileReference; lastKnownFileType = file.storyboard; name = Base; path = Base.lproj/LaunchScreen.storyboard; sourceTree = "<group>"; };
		A42F7DFB2538FB5D00F74F43 /* Info.plist */ = {isa = PBXFileReference; lastKnownFileType = text.plist.xml; path = Info.plist; sourceTree = "<group>"; };
		A42F7E082538FFF500F74F43 /* ExploreViewController.swift */ = {isa = PBXFileReference; lastKnownFileType = sourcecode.swift; path = ExploreViewController.swift; sourceTree = "<group>"; };
		A42F7E0A2539002100F74F43 /* CameraViewController.swift */ = {isa = PBXFileReference; lastKnownFileType = sourcecode.swift; path = CameraViewController.swift; sourceTree = "<group>"; };
		A42F7E0C2539003500F74F43 /* NotificationViewController.swift */ = {isa = PBXFileReference; lastKnownFileType = sourcecode.swift; path = NotificationViewController.swift; sourceTree = "<group>"; };
		A42F7E0E2539004000F74F43 /* ProfileViewController.swift */ = {isa = PBXFileReference; lastKnownFileType = sourcecode.swift; path = ProfileViewController.swift; sourceTree = "<group>"; };
		A42F7E122539035B00F74F43 /* PostViewController.swift */ = {isa = PBXFileReference; lastKnownFileType = sourcecode.swift; path = PostViewController.swift; sourceTree = "<group>"; };
		A42F7E142539036B00F74F43 /* SettingViewController.swift */ = {isa = PBXFileReference; lastKnownFileType = sourcecode.swift; path = SettingViewController.swift; sourceTree = "<group>"; };
		A42F7E162539038A00F74F43 /* SearchViewController.swift */ = {isa = PBXFileReference; lastKnownFileType = sourcecode.swift; path = SearchViewController.swift; sourceTree = "<group>"; };
		A42F7E182539039700F74F43 /* SearchResultViewController.swift */ = {isa = PBXFileReference; lastKnownFileType = sourcecode.swift; path = SearchResultViewController.swift; sourceTree = "<group>"; };
		A42F7E1A253903A400F74F43 /* ListViewController.swift */ = {isa = PBXFileReference; lastKnownFileType = sourcecode.swift; path = ListViewController.swift; sourceTree = "<group>"; };
		A42F7E1C253903D500F74F43 /* PostEditViewController.swift */ = {isa = PBXFileReference; lastKnownFileType = sourcecode.swift; path = PostEditViewController.swift; sourceTree = "<group>"; };
		A42F7E1E253903DD00F74F43 /* PostPublishViewController.swift */ = {isa = PBXFileReference; lastKnownFileType = sourcecode.swift; path = PostPublishViewController.swift; sourceTree = "<group>"; };
		A4653AB62546649B000F2D23 /* LoginViewController.swift */ = {isa = PBXFileReference; lastKnownFileType = sourcecode.swift; path = LoginViewController.swift; sourceTree = "<group>"; };
		A4653AB8254664A8000F2D23 /* RegisterViewController.swift */ = {isa = PBXFileReference; lastKnownFileType = sourcecode.swift; path = RegisterViewController.swift; sourceTree = "<group>"; };
		A4653ABA25473535000F2D23 /* AuthenticationManager.swift */ = {isa = PBXFileReference; lastKnownFileType = sourcecode.swift; path = AuthenticationManager.swift; sourceTree = "<group>"; };
		A4653ABF25486B76000F2D23 /* PostTableViewCell.swift */ = {isa = PBXFileReference; lastKnownFileType = sourcecode.swift; path = PostTableViewCell.swift; sourceTree = "<group>"; };
		A4653AC12548CB68000F2D23 /* Lifie-Bridging-Header.h */ = {isa = PBXFileReference; lastKnownFileType = sourcecode.c.h; path = "Lifie-Bridging-Header.h"; sourceTree = "<group>"; };
		A4653AC22548CB68000F2D23 /* iCarousel.m */ = {isa = PBXFileReference; fileEncoding = 4; lastKnownFileType = sourcecode.c.objc; path = iCarousel.m; sourceTree = "<group>"; };
		A4653AC32548CB68000F2D23 /* iCarousel.h */ = {isa = PBXFileReference; fileEncoding = 4; lastKnownFileType = sourcecode.c.h; path = iCarousel.h; sourceTree = "<group>"; };
		A4653AC72548F8BF000F2D23 /* PostHeaderTableViewCell.swift */ = {isa = PBXFileReference; lastKnownFileType = sourcecode.swift; path = PostHeaderTableViewCell.swift; sourceTree = "<group>"; };
		A4653AC92548F8E3000F2D23 /* PostActionsTableViewCell.swift */ = {isa = PBXFileReference; lastKnownFileType = sourcecode.swift; path = PostActionsTableViewCell.swift; sourceTree = "<group>"; };
		A4653ACB2548FC92000F2D23 /* EditProfileViewController.swift */ = {isa = PBXFileReference; lastKnownFileType = sourcecode.swift; path = EditProfileViewController.swift; sourceTree = "<group>"; };
		A4653ACD254906A1000F2D23 /* PhotoCollectionViewCell.swift */ = {isa = PBXFileReference; lastKnownFileType = sourcecode.swift; path = PhotoCollectionViewCell.swift; sourceTree = "<group>"; };
		A4653AD025490728000F2D23 /* ProfileInfoHeaderCollectionReusableView.swift */ = {isa = PBXFileReference; lastKnownFileType = sourcecode.swift; path = ProfileInfoHeaderCollectionReusableView.swift; sourceTree = "<group>"; };
		A4653AD225490757000F2D23 /* ProfileTabCollectionReusableView.swift */ = {isa = PBXFileReference; lastKnownFileType = sourcecode.swift; path = ProfileTabCollectionReusableView.swift; sourceTree = "<group>"; };
		A47FEF5E253E6DE500063700 /* GoogleService-Info.plist */ = {isa = PBXFileReference; fileEncoding = 4; lastKnownFileType = text.plist.xml; path = "GoogleService-Info.plist"; sourceTree = "<group>"; };
		A47FEF62253E70AD00063700 /* DatabaseManager.swift */ = {isa = PBXFileReference; lastKnownFileType = sourcecode.swift; path = DatabaseManager.swift; sourceTree = "<group>"; };
		A47FEF64253E717800063700 /* StorageManager.swift */ = {isa = PBXFileReference; lastKnownFileType = sourcecode.swift; path = StorageManager.swift; sourceTree = "<group>"; };
		A47FEF66253E744400063700 /* Extensions.swift */ = {isa = PBXFileReference; lastKnownFileType = sourcecode.swift; path = Extensions.swift; sourceTree = "<group>"; };
		A4ECB8A12550DC72002610C2 /* Models.swift */ = {isa = PBXFileReference; lastKnownFileType = sourcecode.swift; path = Models.swift; sourceTree = "<group>"; };
		A4ECB8B92558DC86002610C2 /* UserFollowTableViewCell.swift */ = {isa = PBXFileReference; lastKnownFileType = sourcecode.swift; path = UserFollowTableViewCell.swift; sourceTree = "<group>"; };
		A4ECB8BD2558E7C3002610C2 /* EmptyNotificationView.swift */ = {isa = PBXFileReference; lastKnownFileType = sourcecode.swift; path = EmptyNotificationView.swift; sourceTree = "<group>"; };
		A4ECB8C12558EAB5002610C2 /* NotificationFollowEventTableViewCell.swift */ = {isa = PBXFileReference; lastKnownFileType = sourcecode.swift; path = NotificationFollowEventTableViewCell.swift; sourceTree = "<group>"; };
		A4ECB8C42558EAC9002610C2 /* NotificationLikeEventTableViewCell.swift */ = {isa = PBXFileReference; lastKnownFileType = sourcecode.swift; path = NotificationLikeEventTableViewCell.swift; sourceTree = "<group>"; };
		B32A1143E1C79A1286C67C4D /* Pods_Lifie.framework */ = {isa = PBXFileReference; explicitFileType = wrapper.framework; includeInIndex = 0; path = Pods_Lifie.framework; sourceTree = BUILT_PRODUCTS_DIR; };
/* End PBXFileReference section */

/* Begin PBXFrameworksBuildPhase section */
		A42F7DE42538FB5C00F74F43 /* Frameworks */ = {
			isa = PBXFrameworksBuildPhase;
			buildActionMask = 2147483647;
			files = (
				9A1D67CAE0269477F290779F /* Pods_Lifie.framework in Frameworks */,
			);
			runOnlyForDeploymentPostprocessing = 0;
		};
/* End PBXFrameworksBuildPhase section */

/* Begin PBXGroup section */
		034AD0EC53B1D6DDFE8CB343 /* Pods */ = {
			isa = PBXGroup;
			children = (
				1376DFC4113990C3C232E926 /* Pods-Lifie.debug.xcconfig */,
				30A800D8B6772905DFB6D8F5 /* Pods-Lifie.release.xcconfig */,
			);
			path = Pods;
			sourceTree = "<group>";
		};
		09DB6840DDCCFDC66731ACFF /* Frameworks */ = {
			isa = PBXGroup;
			children = (
				B32A1143E1C79A1286C67C4D /* Pods_Lifie.framework */,
			);
			name = Frameworks;
			sourceTree = "<group>";
		};
		A42F7DDE2538FB5C00F74F43 = {
			isa = PBXGroup;
			children = (
				A42F7DE92538FB5C00F74F43 /* Lifie */,
				A42F7DE82538FB5C00F74F43 /* Products */,
				034AD0EC53B1D6DDFE8CB343 /* Pods */,
				09DB6840DDCCFDC66731ACFF /* Frameworks */,
			);
			sourceTree = "<group>";
		};
		A42F7DE82538FB5C00F74F43 /* Products */ = {
			isa = PBXGroup;
			children = (
				A42F7DE72538FB5C00F74F43 /* Lifie.app */,
			);
			name = Products;
			sourceTree = "<group>";
		};
		A42F7DE92538FB5C00F74F43 /* Lifie */ = {
			isa = PBXGroup;
			children = (
				A42F7E062538FED600F74F43 /* Resource */,
				A42F7E052538FEC000F74F43 /* Model */,
				A42F7E042538FEBB00F74F43 /* View */,
				A42F7E012538FE9D00F74F43 /* Controller */,
				A42F7DFB2538FB5D00F74F43 /* Info.plist */,
				A4653AC12548CB68000F2D23 /* Lifie-Bridging-Header.h */,
			);
			path = Lifie;
			sourceTree = "<group>";
		};
		A42F7E012538FE9D00F74F43 /* Controller */ = {
			isa = PBXGroup;
			children = (
				A42F7E112539034A00F74F43 /* Other */,
				A42F7E102539005E00F74F43 /* MainController */,
			);
			path = Controller;
			sourceTree = "<group>";
		};
		A42F7E042538FEBB00F74F43 /* View */ = {
			isa = PBXGroup;
			children = (
				A42F7DF62538FB5D00F74F43 /* Assets.xcassets */,
				A4ECB89F2550D583002610C2 /* iCarousel */,
				A4653ACF254906FC000F2D23 /* Header */,
				A4653AC52548DCF9000F2D23 /* Cell */,
				A4653ABC2548673D000F2D23 /* CustomView */,
				A42F7E072538FF7C00F74F43 /* Storyboard */,
			);
			path = View;
			sourceTree = "<group>";
		};
		A42F7E052538FEC000F74F43 /* Model */ = {
			isa = PBXGroup;
			children = (
				A42F7DF32538FB5C00F74F43 /* Lifie.xcdatamodeld */,
				A4ECB8A12550DC72002610C2 /* Models.swift */,
			);
			path = Model;
			sourceTree = "<group>";
		};
		A42F7E062538FED600F74F43 /* Resource */ = {
			isa = PBXGroup;
			children = (
				A47FEF5E253E6DE500063700 /* GoogleService-Info.plist */,
				A42F7DEA2538FB5C00F74F43 /* AppDelegate.swift */,
				A42F7DEC2538FB5C00F74F43 /* SceneDelegate.swift */,
				A47FEF62253E70AD00063700 /* DatabaseManager.swift */,
				A4653ABA25473535000F2D23 /* AuthenticationManager.swift */,
				A47FEF64253E717800063700 /* StorageManager.swift */,
				A47FEF66253E744400063700 /* Extensions.swift */,
			);
			path = Resource;
			sourceTree = "<group>";
		};
		A42F7E072538FF7C00F74F43 /* Storyboard */ = {
			isa = PBXGroup;
			children = (
				A42F7DF02538FB5C00F74F43 /* Main.storyboard */,
				A42F7DF82538FB5D00F74F43 /* LaunchScreen.storyboard */,
			);
			path = Storyboard;
			sourceTree = "<group>";
		};
		A42F7E102539005E00F74F43 /* MainController */ = {
			isa = PBXGroup;
			children = (
				A42F7DEE2538FB5C00F74F43 /* HomeViewController.swift */,
				A42F7E082538FFF500F74F43 /* ExploreViewController.swift */,
				A42F7E0A2539002100F74F43 /* CameraViewController.swift */,
				A42F7E0C2539003500F74F43 /* NotificationViewController.swift */,
				A42F7E0E2539004000F74F43 /* ProfileViewController.swift */,
			);
			path = MainController;
			sourceTree = "<group>";
		};
		A42F7E112539034A00F74F43 /* Other */ = {
			isa = PBXGroup;
			children = (
				A4653AB525466473000F2D23 /* Authentication */,
				A47FEF61253E6FB600063700 /* General */,
			);
			path = Other;
			sourceTree = "<group>";
		};
		A4653AB525466473000F2D23 /* Authentication */ = {
			isa = PBXGroup;
			children = (
				A4653AB62546649B000F2D23 /* LoginViewController.swift */,
				A4653AB8254664A8000F2D23 /* RegisterViewController.swift */,
			);
			path = Authentication;
			sourceTree = "<group>";
		};
		A4653ABC2548673D000F2D23 /* CustomView */ = {
			isa = PBXGroup;
			children = (
				A4ECB8BD2558E7C3002610C2 /* EmptyNotificationView.swift */,
			);
			path = CustomView;
			sourceTree = "<group>";
		};
		A4653AC52548DCF9000F2D23 /* Cell */ = {
			isa = PBXGroup;
			children = (
				A4ECB8C02558EA84002610C2 /* Notification */,
				A4653AC62548F87A000F2D23 /* PostCell */,
				A4653ACD254906A1000F2D23 /* PhotoCollectionViewCell.swift */,
				A4ECB8B92558DC86002610C2 /* UserFollowTableViewCell.swift */,
			);
			path = Cell;
			sourceTree = "<group>";
		};
		A4653AC62548F87A000F2D23 /* PostCell */ = {
			isa = PBXGroup;
			children = (
				A4653ABF25486B76000F2D23 /* PostTableViewCell.swift */,
				A4653AC72548F8BF000F2D23 /* PostHeaderTableViewCell.swift */,
				A4653AC92548F8E3000F2D23 /* PostActionsTableViewCell.swift */,
				A41E2544255A3D38008A9B05 /* PostCommentsTableViewCell.swift */,
			);
			path = PostCell;
			sourceTree = "<group>";
		};
		A4653ACF254906FC000F2D23 /* Header */ = {
			isa = PBXGroup;
			children = (
				A4653AD025490728000F2D23 /* ProfileInfoHeaderCollectionReusableView.swift */,
				A4653AD225490757000F2D23 /* ProfileTabCollectionReusableView.swift */,
			);
			path = Header;
			sourceTree = "<group>";
		};
		A47FEF61253E6FB600063700 /* General */ = {
			isa = PBXGroup;
			children = (
				A42F7E122539035B00F74F43 /* PostViewController.swift */,
				A42F7E1C253903D500F74F43 /* PostEditViewController.swift */,
				A42F7E1E253903DD00F74F43 /* PostPublishViewController.swift */,
				A42F7E142539036B00F74F43 /* SettingViewController.swift */,
				A4653ACB2548FC92000F2D23 /* EditProfileViewController.swift */,
				A42F7E162539038A00F74F43 /* SearchViewController.swift */,
				A42F7E182539039700F74F43 /* SearchResultViewController.swift */,
				A42F7E1A253903A400F74F43 /* ListViewController.swift */,
			);
			path = General;
			sourceTree = "<group>";
		};
		A4ECB89F2550D583002610C2 /* iCarousel */ = {
			isa = PBXGroup;
			children = (
				A4653AC32548CB68000F2D23 /* iCarousel.h */,
				A4653AC22548CB68000F2D23 /* iCarousel.m */,
			);
			path = iCarousel;
			sourceTree = "<group>";
		};
		A4ECB8C02558EA84002610C2 /* Notification */ = {
			isa = PBXGroup;
			children = (
				A4ECB8C12558EAB5002610C2 /* NotificationFollowEventTableViewCell.swift */,
				A4ECB8C42558EAC9002610C2 /* NotificationLikeEventTableViewCell.swift */,
			);
			path = Notification;
			sourceTree = "<group>";
		};
/* End PBXGroup section */

/* Begin PBXNativeTarget section */
		A42F7DE62538FB5C00F74F43 /* Lifie */ = {
			isa = PBXNativeTarget;
			buildConfigurationList = A42F7DFE2538FB5D00F74F43 /* Build configuration list for PBXNativeTarget "Lifie" */;
			buildPhases = (
				897672F289DCEAD404ED5404 /* [CP] Check Pods Manifest.lock */,
				A42F7DE32538FB5C00F74F43 /* Sources */,
				A42F7DE42538FB5C00F74F43 /* Frameworks */,
				A42F7DE52538FB5C00F74F43 /* Resources */,
				A5D424A5F10D8AA31280D015 /* [CP] Embed Pods Frameworks */,
			);
			buildRules = (
			);
			dependencies = (
			);
			name = Lifie;
			productName = Lifie;
			productReference = A42F7DE72538FB5C00F74F43 /* Lifie.app */;
			productType = "com.apple.product-type.application";
		};
/* End PBXNativeTarget section */

/* Begin PBXProject section */
		A42F7DDF2538FB5C00F74F43 /* Project object */ = {
			isa = PBXProject;
			attributes = {
				LastSwiftUpdateCheck = 1160;
				LastUpgradeCheck = 1160;
				ORGANIZATIONNAME = "HAISONG MEI";
				TargetAttributes = {
					A42F7DE62538FB5C00F74F43 = {
						CreatedOnToolsVersion = 11.6;
						LastSwiftMigration = 1160;
					};
				};
			};
			buildConfigurationList = A42F7DE22538FB5C00F74F43 /* Build configuration list for PBXProject "Lifie" */;
			compatibilityVersion = "Xcode 9.3";
			developmentRegion = en;
			hasScannedForEncodings = 0;
			knownRegions = (
				en,
				Base,
			);
			mainGroup = A42F7DDE2538FB5C00F74F43;
			productRefGroup = A42F7DE82538FB5C00F74F43 /* Products */;
			projectDirPath = "";
			projectRoot = "";
			targets = (
				A42F7DE62538FB5C00F74F43 /* Lifie */,
			);
		};
/* End PBXProject section */

/* Begin PBXResourcesBuildPhase section */
		A42F7DE52538FB5C00F74F43 /* Resources */ = {
			isa = PBXResourcesBuildPhase;
			buildActionMask = 2147483647;
			files = (
				A42F7DFA2538FB5D00F74F43 /* LaunchScreen.storyboard in Resources */,
				A47FEF5F253E6DE500063700 /* GoogleService-Info.plist in Resources */,
				A42F7DF72538FB5D00F74F43 /* Assets.xcassets in Resources */,
				A42F7DF22538FB5C00F74F43 /* Main.storyboard in Resources */,
			);
			runOnlyForDeploymentPostprocessing = 0;
		};
/* End PBXResourcesBuildPhase section */

/* Begin PBXShellScriptBuildPhase section */
		897672F289DCEAD404ED5404 /* [CP] Check Pods Manifest.lock */ = {
			isa = PBXShellScriptBuildPhase;
			buildActionMask = 2147483647;
			files = (
			);
			inputFileListPaths = (
			);
			inputPaths = (
				"${PODS_PODFILE_DIR_PATH}/Podfile.lock",
				"${PODS_ROOT}/Manifest.lock",
			);
			name = "[CP] Check Pods Manifest.lock";
			outputFileListPaths = (
			);
			outputPaths = (
				"$(DERIVED_FILE_DIR)/Pods-Lifie-checkManifestLockResult.txt",
			);
			runOnlyForDeploymentPostprocessing = 0;
			shellPath = /bin/sh;
			shellScript = "diff \"${PODS_PODFILE_DIR_PATH}/Podfile.lock\" \"${PODS_ROOT}/Manifest.lock\" > /dev/null\nif [ $? != 0 ] ; then\n    # print error to STDERR\n    echo \"error: The sandbox is not in sync with the Podfile.lock. Run 'pod install' or update your CocoaPods installation.\" >&2\n    exit 1\nfi\n# This output is used by Xcode 'outputs' to avoid re-running this script phase.\necho \"SUCCESS\" > \"${SCRIPT_OUTPUT_FILE_0}\"\n";
			showEnvVarsInLog = 0;
		};
		A5D424A5F10D8AA31280D015 /* [CP] Embed Pods Frameworks */ = {
			isa = PBXShellScriptBuildPhase;
			buildActionMask = 2147483647;
			files = (
			);
			inputFileListPaths = (
				"${PODS_ROOT}/Target Support Files/Pods-Lifie/Pods-Lifie-frameworks-${CONFIGURATION}-input-files.xcfilelist",
			);
			name = "[CP] Embed Pods Frameworks";
			outputFileListPaths = (
				"${PODS_ROOT}/Target Support Files/Pods-Lifie/Pods-Lifie-frameworks-${CONFIGURATION}-output-files.xcfilelist",
			);
			runOnlyForDeploymentPostprocessing = 0;
			shellPath = /bin/sh;
			shellScript = "\"${PODS_ROOT}/Target Support Files/Pods-Lifie/Pods-Lifie-frameworks.sh\"\n";
			showEnvVarsInLog = 0;
		};
/* End PBXShellScriptBuildPhase section */

/* Begin PBXSourcesBuildPhase section */
		A42F7DE32538FB5C00F74F43 /* Sources */ = {
			isa = PBXSourcesBuildPhase;
			buildActionMask = 2147483647;
			files = (
				A47FEF65253E717800063700 /* StorageManager.swift in Sources */,
				A4653AD325490757000F2D23 /* ProfileTabCollectionReusableView.swift in Sources */,
				A41E2545255A3D38008A9B05 /* PostCommentsTableViewCell.swift in Sources */,
				A4653AC025486B76000F2D23 /* PostTableViewCell.swift in Sources */,
				A47FEF67253E744400063700 /* Extensions.swift in Sources */,
				A47FEF63253E70AD00063700 /* DatabaseManager.swift in Sources */,
				A42F7E132539035B00F74F43 /* PostViewController.swift in Sources */,
				A4653AB72546649B000F2D23 /* LoginViewController.swift in Sources */,
				A4ECB8BE2558E7C3002610C2 /* EmptyNotificationView.swift in Sources */,
				A4ECB8C22558EAB5002610C2 /* NotificationFollowEventTableViewCell.swift in Sources */,
				A42F7E172539038A00F74F43 /* SearchViewController.swift in Sources */,
				A4653AC82548F8BF000F2D23 /* PostHeaderTableViewCell.swift in Sources */,
				A42F7DEF2538FB5C00F74F43 /* HomeViewController.swift in Sources */,
				A42F7E1F253903DD00F74F43 /* PostPublishViewController.swift in Sources */,
				A42F7DEB2538FB5C00F74F43 /* AppDelegate.swift in Sources */,
				A4653ABB25473535000F2D23 /* AuthenticationManager.swift in Sources */,
				A4ECB8BA2558DC86002610C2 /* UserFollowTableViewCell.swift in Sources */,
				A42F7E092538FFF500F74F43 /* ExploreViewController.swift in Sources */,
				A42F7E0D2539003500F74F43 /* NotificationViewController.swift in Sources */,
				A4653AD125490728000F2D23 /* ProfileInfoHeaderCollectionReusableView.swift in Sources */,
				A4653AB9254664A8000F2D23 /* RegisterViewController.swift in Sources */,
				A42F7E152539036B00F74F43 /* SettingViewController.swift in Sources */,
				A42F7DED2538FB5C00F74F43 /* SceneDelegate.swift in Sources */,
				A42F7E1D253903D500F74F43 /* PostEditViewController.swift in Sources */,
				A42F7DF52538FB5C00F74F43 /* Lifie.xcdatamodeld in Sources */,
				A4ECB8C52558EAC9002610C2 /* NotificationLikeEventTableViewCell.swift in Sources */,
				A42F7E0F2539004000F74F43 /* ProfileViewController.swift in Sources */,
				A42F7E192539039700F74F43 /* SearchResultViewController.swift in Sources */,
				A4ECB8A22550DC72002610C2 /* Models.swift in Sources */,
				A4653ACA2548F8E3000F2D23 /* PostActionsTableViewCell.swift in Sources */,
				A4653AC42548CB68000F2D23 /* iCarousel.m in Sources */,
				A42F7E1B253903A400F74F43 /* ListViewController.swift in Sources */,
				A4653ACE254906A1000F2D23 /* PhotoCollectionViewCell.swift in Sources */,
				A42F7E0B2539002100F74F43 /* CameraViewController.swift in Sources */,
				A4653ACC2548FC92000F2D23 /* EditProfileViewController.swift in Sources */,
			);
			runOnlyForDeploymentPostprocessing = 0;
		};
/* End PBXSourcesBuildPhase section */

/* Begin PBXVariantGroup section */
		A42F7DF02538FB5C00F74F43 /* Main.storyboard */ = {
			isa = PBXVariantGroup;
			children = (
				A42F7DF12538FB5C00F74F43 /* Base */,
			);
			name = Main.storyboard;
			sourceTree = "<group>";
		};
		A42F7DF82538FB5D00F74F43 /* LaunchScreen.storyboard */ = {
			isa = PBXVariantGroup;
			children = (
				A42F7DF92538FB5D00F74F43 /* Base */,
			);
			name = LaunchScreen.storyboard;
			sourceTree = "<group>";
		};
/* End PBXVariantGroup section */

/* Begin XCBuildConfiguration section */
		A42F7DFC2538FB5D00F74F43 /* Debug */ = {
			isa = XCBuildConfiguration;
			buildSettings = {
				ALWAYS_SEARCH_USER_PATHS = NO;
				CLANG_ANALYZER_NONNULL = YES;
				CLANG_ANALYZER_NUMBER_OBJECT_CONVERSION = YES_AGGRESSIVE;
				CLANG_CXX_LANGUAGE_STANDARD = "gnu++14";
				CLANG_CXX_LIBRARY = "libc++";
				CLANG_ENABLE_MODULES = YES;
				CLANG_ENABLE_OBJC_ARC = YES;
				CLANG_ENABLE_OBJC_WEAK = YES;
				CLANG_WARN_BLOCK_CAPTURE_AUTORELEASING = YES;
				CLANG_WARN_BOOL_CONVERSION = YES;
				CLANG_WARN_COMMA = YES;
				CLANG_WARN_CONSTANT_CONVERSION = YES;
				CLANG_WARN_DEPRECATED_OBJC_IMPLEMENTATIONS = YES;
				CLANG_WARN_DIRECT_OBJC_ISA_USAGE = YES_ERROR;
				CLANG_WARN_DOCUMENTATION_COMMENTS = YES;
				CLANG_WARN_EMPTY_BODY = YES;
				CLANG_WARN_ENUM_CONVERSION = YES;
				CLANG_WARN_INFINITE_RECURSION = YES;
				CLANG_WARN_INT_CONVERSION = YES;
				CLANG_WARN_NON_LITERAL_NULL_CONVERSION = YES;
				CLANG_WARN_OBJC_IMPLICIT_RETAIN_SELF = YES;
				CLANG_WARN_OBJC_LITERAL_CONVERSION = YES;
				CLANG_WARN_OBJC_ROOT_CLASS = YES_ERROR;
				CLANG_WARN_RANGE_LOOP_ANALYSIS = YES;
				CLANG_WARN_STRICT_PROTOTYPES = YES;
				CLANG_WARN_SUSPICIOUS_MOVE = YES;
				CLANG_WARN_UNGUARDED_AVAILABILITY = YES_AGGRESSIVE;
				CLANG_WARN_UNREACHABLE_CODE = YES;
				CLANG_WARN__DUPLICATE_METHOD_MATCH = YES;
				COPY_PHASE_STRIP = NO;
				DEBUG_INFORMATION_FORMAT = dwarf;
				ENABLE_STRICT_OBJC_MSGSEND = YES;
				ENABLE_TESTABILITY = YES;
				GCC_C_LANGUAGE_STANDARD = gnu11;
				GCC_DYNAMIC_NO_PIC = NO;
				GCC_NO_COMMON_BLOCKS = YES;
				GCC_OPTIMIZATION_LEVEL = 0;
				GCC_PREPROCESSOR_DEFINITIONS = (
					"DEBUG=1",
					"$(inherited)",
				);
				GCC_WARN_64_TO_32_BIT_CONVERSION = YES;
				GCC_WARN_ABOUT_RETURN_TYPE = YES_ERROR;
				GCC_WARN_UNDECLARED_SELECTOR = YES;
				GCC_WARN_UNINITIALIZED_AUTOS = YES_AGGRESSIVE;
				GCC_WARN_UNUSED_FUNCTION = YES;
				GCC_WARN_UNUSED_VARIABLE = YES;
				IPHONEOS_DEPLOYMENT_TARGET = 13.6;
				MTL_ENABLE_DEBUG_INFO = INCLUDE_SOURCE;
				MTL_FAST_MATH = YES;
				ONLY_ACTIVE_ARCH = YES;
				SDKROOT = iphoneos;
				SWIFT_ACTIVE_COMPILATION_CONDITIONS = DEBUG;
				SWIFT_OPTIMIZATION_LEVEL = "-Onone";
			};
			name = Debug;
		};
		A42F7DFD2538FB5D00F74F43 /* Release */ = {
			isa = XCBuildConfiguration;
			buildSettings = {
				ALWAYS_SEARCH_USER_PATHS = NO;
				CLANG_ANALYZER_NONNULL = YES;
				CLANG_ANALYZER_NUMBER_OBJECT_CONVERSION = YES_AGGRESSIVE;
				CLANG_CXX_LANGUAGE_STANDARD = "gnu++14";
				CLANG_CXX_LIBRARY = "libc++";
				CLANG_ENABLE_MODULES = YES;
				CLANG_ENABLE_OBJC_ARC = YES;
				CLANG_ENABLE_OBJC_WEAK = YES;
				CLANG_WARN_BLOCK_CAPTURE_AUTORELEASING = YES;
				CLANG_WARN_BOOL_CONVERSION = YES;
				CLANG_WARN_COMMA = YES;
				CLANG_WARN_CONSTANT_CONVERSION = YES;
				CLANG_WARN_DEPRECATED_OBJC_IMPLEMENTATIONS = YES;
				CLANG_WARN_DIRECT_OBJC_ISA_USAGE = YES_ERROR;
				CLANG_WARN_DOCUMENTATION_COMMENTS = YES;
				CLANG_WARN_EMPTY_BODY = YES;
				CLANG_WARN_ENUM_CONVERSION = YES;
				CLANG_WARN_INFINITE_RECURSION = YES;
				CLANG_WARN_INT_CONVERSION = YES;
				CLANG_WARN_NON_LITERAL_NULL_CONVERSION = YES;
				CLANG_WARN_OBJC_IMPLICIT_RETAIN_SELF = YES;
				CLANG_WARN_OBJC_LITERAL_CONVERSION = YES;
				CLANG_WARN_OBJC_ROOT_CLASS = YES_ERROR;
				CLANG_WARN_RANGE_LOOP_ANALYSIS = YES;
				CLANG_WARN_STRICT_PROTOTYPES = YES;
				CLANG_WARN_SUSPICIOUS_MOVE = YES;
				CLANG_WARN_UNGUARDED_AVAILABILITY = YES_AGGRESSIVE;
				CLANG_WARN_UNREACHABLE_CODE = YES;
				CLANG_WARN__DUPLICATE_METHOD_MATCH = YES;
				COPY_PHASE_STRIP = NO;
				DEBUG_INFORMATION_FORMAT = "dwarf-with-dsym";
				ENABLE_NS_ASSERTIONS = NO;
				ENABLE_STRICT_OBJC_MSGSEND = YES;
				GCC_C_LANGUAGE_STANDARD = gnu11;
				GCC_NO_COMMON_BLOCKS = YES;
				GCC_WARN_64_TO_32_BIT_CONVERSION = YES;
				GCC_WARN_ABOUT_RETURN_TYPE = YES_ERROR;
				GCC_WARN_UNDECLARED_SELECTOR = YES;
				GCC_WARN_UNINITIALIZED_AUTOS = YES_AGGRESSIVE;
				GCC_WARN_UNUSED_FUNCTION = YES;
				GCC_WARN_UNUSED_VARIABLE = YES;
				IPHONEOS_DEPLOYMENT_TARGET = 13.6;
				MTL_ENABLE_DEBUG_INFO = NO;
				MTL_FAST_MATH = YES;
				SDKROOT = iphoneos;
				SWIFT_COMPILATION_MODE = wholemodule;
				SWIFT_OPTIMIZATION_LEVEL = "-O";
				VALIDATE_PRODUCT = YES;
			};
			name = Release;
		};
		A42F7DFF2538FB5D00F74F43 /* Debug */ = {
			isa = XCBuildConfiguration;
			baseConfigurationReference = 1376DFC4113990C3C232E926 /* Pods-Lifie.debug.xcconfig */;
			buildSettings = {
				ASSETCATALOG_COMPILER_APPICON_NAME = AppIcon;
				CLANG_ENABLE_MODULES = YES;
				CODE_SIGN_STYLE = Automatic;
				INFOPLIST_FILE = Lifie/Info.plist;
				LD_RUNPATH_SEARCH_PATHS = (
					"$(inherited)",
					"@executable_path/Frameworks",
				);
				PRODUCT_BUNDLE_IDENTIFIER = edu.duke.ECE564.Lifie;
				PRODUCT_NAME = "$(TARGET_NAME)";
				SWIFT_OBJC_BRIDGING_HEADER = "Lifie/Lifie-Bridging-Header.h";
				SWIFT_OPTIMIZATION_LEVEL = "-Onone";
				SWIFT_VERSION = 5.0;
				TARGETED_DEVICE_FAMILY = "1,2";
			};
			name = Debug;
		};
		A42F7E002538FB5D00F74F43 /* Release */ = {
			isa = XCBuildConfiguration;
			baseConfigurationReference = 30A800D8B6772905DFB6D8F5 /* Pods-Lifie.release.xcconfig */;
			buildSettings = {
				ASSETCATALOG_COMPILER_APPICON_NAME = AppIcon;
				CLANG_ENABLE_MODULES = YES;
				CODE_SIGN_STYLE = Automatic;
				INFOPLIST_FILE = Lifie/Info.plist;
				LD_RUNPATH_SEARCH_PATHS = (
					"$(inherited)",
					"@executable_path/Frameworks",
				);
				PRODUCT_BUNDLE_IDENTIFIER = edu.duke.ECE564.Lifie;
				PRODUCT_NAME = "$(TARGET_NAME)";
				SWIFT_OBJC_BRIDGING_HEADER = "Lifie/Lifie-Bridging-Header.h";
				SWIFT_VERSION = 5.0;
				TARGETED_DEVICE_FAMILY = "1,2";
			};
			name = Release;
		};
/* End XCBuildConfiguration section */

/* Begin XCConfigurationList section */
		A42F7DE22538FB5C00F74F43 /* Build configuration list for PBXProject "Lifie" */ = {
			isa = XCConfigurationList;
			buildConfigurations = (
				A42F7DFC2538FB5D00F74F43 /* Debug */,
				A42F7DFD2538FB5D00F74F43 /* Release */,
			);
			defaultConfigurationIsVisible = 0;
			defaultConfigurationName = Release;
		};
		A42F7DFE2538FB5D00F74F43 /* Build configuration list for PBXNativeTarget "Lifie" */ = {
			isa = XCConfigurationList;
			buildConfigurations = (
				A42F7DFF2538FB5D00F74F43 /* Debug */,
				A42F7E002538FB5D00F74F43 /* Release */,
			);
			defaultConfigurationIsVisible = 0;
			defaultConfigurationName = Release;
		};
/* End XCConfigurationList section */

/* Begin XCVersionGroup section */
		A42F7DF32538FB5C00F74F43 /* Lifie.xcdatamodeld */ = {
			isa = XCVersionGroup;
			children = (
				A42F7DF42538FB5C00F74F43 /* Lifie.xcdatamodel */,
			);
			currentVersion = A42F7DF42538FB5C00F74F43 /* Lifie.xcdatamodel */;
			path = Lifie.xcdatamodeld;
			sourceTree = "<group>";
			versionGroupType = wrapper.xcdatamodel;
		};
/* End XCVersionGroup section */
	};
	rootObject = A42F7DDF2538FB5C00F74F43 /* Project object */;
}
